
Microsoft Visual Studio Solution File, Format Version 12.00
# Visual Studio 2013
VisualStudioVersion = 12.0.20623.1 VSUPREVIEW
MinimumVisualStudioVersion = 10.0.40219.1
Project("{FAE04EC0-301F-11D3-BF4B-00C04F79EFBC}") = "Ky.BLL", "Ky.BLL\Ky.BLL.csproj", "{5C473CAE-4D64-44BB-AA62-9CCF9D342486}"
EndProject
Project("{FAE04EC0-301F-11D3-BF4B-00C04F79EFBC}") = "Ky.Common", "Ky.Common\Ky.Common.csproj", "{2B517924-E2A8-484F-9986-481B1278C9FA}"
EndProject
Project("{FAE04EC0-301F-11D3-BF4B-00C04F79EFBC}") = "Ky.DALFactory", "Ky.DALFactory\Ky.DALFactory.csproj", "{840A3E62-D38E-406E-82BF-3A9E28F43244}"
EndProject
Project("{FAE04EC0-301F-11D3-BF4B-00C04F79EFBC}") = "Ky.Model", "Ky.Model\Ky.Model.csproj", "{2AB21994-67E8-45FE-AAF7-148A7FDA7CFA}"
EndProject
Project("{FAE04EC0-301F-11D3-BF4B-00C04F79EFBC}") = "Ky.SQLServerDAL", "Ky.SQLServerDAL\Ky.SQLServerDAL.csproj", "{188F8959-5388-4165-B0D5-32FE271AF20E}"
EndProject
Project("{E24C65DC-7377-472B-9ABA-BC803B73C61A}") = "WebSite", "WebSite", "{8AFB78D7-5514-4734-89C9-8603A088F44F}"
	ProjectSection(WebsiteProperties) = preProject
		SccProjectName = "SAK"
		SccAuxPath = "SAK"
		SccLocalPath = "SAK"
		SccProvider = "SAK"
		TargetFrameworkMoniker = ".NETFramework,Version%3Dv4.5.1"
		ProjectReferences = "{5c473cae-4d64-44bb-aa62-9ccf9d342486}|Ky.BLL.dll;{2B517924-E2A8-484F-9986-481B1278C9FA}|Ky.Common.dll;{840A3E62-D38E-406E-82BF-3A9E28F43244}|Ky.DALFactory.dll;{2AB21994-67E8-45FE-AAF7-148A7FDA7CFA}|Ky.Model.dll;{188f8959-5388-4165-b0d5-32fe271af20e}|Ky.SQLServerDAL.dll;"
		Debug.AspNetCompiler.VirtualPath = "/WebSite"
		Debug.AspNetCompiler.PhysicalPath = "WebSite\"
		Debug.AspNetCompiler.TargetPath = "PrecompiledWeb\WebSite\"
		Debug.AspNetCompiler.Updateable = "true"
		Debug.AspNetCompiler.ForceOverwrite = "true"
		Debug.AspNetCompiler.FixedNames = "false"
		Debug.AspNetCompiler.Debug = "True"
		Release.AspNetCompiler.VirtualPath = "/WebSite"
		Release.AspNetCompiler.PhysicalPath = "WebSite\"
		Release.AspNetCompiler.TargetPath = "PrecompiledWeb\WebSite\"
		Release.AspNetCompiler.Updateable = "true"
		Release.AspNetCompiler.ForceOverwrite = "true"
		Release.AspNetCompiler.FixedNames = "false"
		Release.AspNetCompiler.Debug = "False"
		VWDPort = "14311"
		VWDVirtualPath = "/"
		SlnRelativePath = "WebSite\"
		StartServerOnDebug = "true"
	EndProjectSection
EndProject
Global
	GlobalSection(TeamFoundationVersionControl) = preSolution
		SccNumberOfProjects = 7
		SccEnterpriseProvider = {4CA58AB2-18FA-4F8D-95D4-32DDF27D184C}
		SccTeamFoundationServer = https://chinaman.visualstudio.com/defaultcollection
		SccLocalPath0 = .
		SccProjectUniqueName1 = Ky.BLL\\Ky.BLL.csproj
		SccProjectName1 = Ky.BLL
		SccLocalPath1 = Ky.BLL
		SccProjectUniqueName2 = Ky.Common\\Ky.Common.csproj
		SccProjectName2 = Ky.Common
		SccLocalPath2 = Ky.Common
		SccProjectUniqueName3 = Ky.DALFactory\\Ky.DALFactory.csproj
		SccProjectName3 = Ky.DALFactory
		SccLocalPath3 = Ky.DALFactory
		SccProjectUniqueName4 = Ky.Model\\Ky.Model.csproj
		SccProjectName4 = Ky.Model
		SccLocalPath4 = Ky.Model
		SccProjectUniqueName5 = Ky.SQLServerDAL\\Ky.SQLServerDAL.csproj
		SccProjectName5 = Ky.SQLServerDAL
		SccLocalPath5 = Ky.SQLServerDAL
		SccWebProject6 = true
		SccProjectUniqueName6 = WebSite
		SccProjectName6 = WebSite
		SccLocalPath6 = WebSite
		SccProjectEnlistmentChoice6 = 2
	EndGlobalSection
	GlobalSection(SolutionConfigurationPlatforms) = preSolution
		Debug|.NET = Debug|.NET
		Debug|Any CPU = Debug|Any CPU
		Debug|Mixed Platforms = Debug|Mixed Platforms
		Release|.NET = Release|.NET
		Release|Any CPU = Release|Any CPU
		Release|Mixed Platforms = Release|Mixed Platforms
	EndGlobalSection
	GlobalSection(ProjectConfigurationPlatforms) = postSolution
		{5C473CAE-4D64-44BB-AA62-9CCF9D342486}.Debug|.NET.ActiveCfg = Debug|Any CPU
		{5C473CAE-4D64-44BB-AA62-9CCF9D342486}.Debug|Any CPU.ActiveCfg = Debug|Any CPU
		{5C473CAE-4D64-44BB-AA62-9CCF9D342486}.Debug|Any CPU.Build.0 = Debug|Any CPU
		{5C473CAE-4D64-44BB-AA62-9CCF9D342486}.Debug|Mixed Platforms.ActiveCfg = Debug|Any CPU
		{5C473CAE-4D64-44BB-AA62-9CCF9D342486}.Debug|Mixed Platforms.Build.0 = Debug|Any CPU
		{5C473CAE-4D64-44BB-AA62-9CCF9D342486}.Release|.NET.ActiveCfg = Release|Any CPU
		{5C473CAE-4D64-44BB-AA62-9CCF9D342486}.Release|Any CPU.ActiveCfg = Release|Any CPU
		{5C473CAE-4D64-44BB-AA62-9CCF9D342486}.Release|Any CPU.Build.0 = Release|Any CPU
		{5C473CAE-4D64-44BB-AA62-9CCF9D342486}.Release|Mixed Platforms.ActiveCfg = Release|Any CPU
		{5C473CAE-4D64-44BB-AA62-9CCF9D342486}.Release|Mixed Platforms.Build.0 = Release|Any CPU
		{2B517924-E2A8-484F-9986-481B1278C9FA}.Debug|.NET.ActiveCfg = Debug|Any CPU
		{2B517924-E2A8-484F-9986-481B1278C9FA}.Debug|Any CPU.ActiveCfg = Debug|Any CPU
		{2B517924-E2A8-484F-9986-481B1278C9FA}.Debug|Any CPU.Build.0 = Debug|Any CPU
		{2B517924-E2A8-484F-9986-481B1278C9FA}.Debug|Mixed Platforms.ActiveCfg = Debug|Any CPU
		{2B517924-E2A8-484F-9986-481B1278C9FA}.Debug|Mixed Platforms.Build.0 = Debug|Any CPU
		{2B517924-E2A8-484F-9986-481B1278C9FA}.Release|.NET.ActiveCfg = Release|Any CPU
		{2B517924-E2A8-484F-9986-481B1278C9FA}.Release|Any CPU.ActiveCfg = Release|Any CPU
		{2B517924-E2A8-484F-9986-481B1278C9FA}.Release|Any CPU.Build.0 = Release|Any CPU
		{2B517924-E2A8-484F-9986-481B1278C9FA}.Release|Mixed Platforms.ActiveCfg = Release|Any CPU
		{2B517924-E2A8-484F-9986-481B1278C9FA}.Release|Mixed Platforms.Build.0 = Release|Any CPU
		{840A3E62-D38E-406E-82BF-3A9E28F43244}.Debug|.NET.ActiveCfg = Debug|Any CPU
		{840A3E62-D38E-406E-82BF-3A9E28F43244}.Debug|Any CPU.ActiveCfg = Debug|Any CPU
		{840A3E62-D38E-406E-82BF-3A9E28F43244}.Debug|Any CPU.Build.0 = Debug|Any CPU
		{840A3E62-D38E-406E-82BF-3A9E28F43244}.Debug|Mixed Platforms.ActiveCfg = Debug|Any CPU
		{840A3E62-D38E-406E-82BF-3A9E28F43244}.Debug|Mixed Platforms.Build.0 = Debug|Any CPU
		{840A3E62-D38E-406E-82BF-3A9E28F43244}.Release|.NET.ActiveCfg = Release|Any CPU
		{840A3E62-D38E-406E-82BF-3A9E28F43244}.Release|Any CPU.ActiveCfg = Release|Any CPU
		{840A3E62-D38E-406E-82BF-3A9E28F43244}.Release|Any CPU.Build.0 = Release|Any CPU
		{840A3E62-D38E-406E-82BF-3A9E28F43244}.Release|Mixed Platforms.ActiveCfg = Release|Any CPU
		{840A3E62-D38E-406E-82BF-3A9E28F43244}.Release|Mixed Platforms.Build.0 = Release|Any CPU
		{2AB21994-67E8-45FE-AAF7-148A7FDA7CFA}.Debug|.NET.ActiveCfg = Debug|Any CPU
		{2AB21994-67E8-45FE-AAF7-148A7FDA7CFA}.Debug|Any CPU.ActiveCfg = Debug|Any CPU
		{2AB21994-67E8-45FE-AAF7-148A7FDA7CFA}.Debug|Any CPU.Build.0 = Debug|Any CPU
		{2AB21994-67E8-45FE-AAF7-148A7FDA7CFA}.Debug|Mixed Platforms.ActiveCfg = Debug|Any CPU
		{2AB21994-67E8-45FE-AAF7-148A7FDA7CFA}.Debug|Mixed Platforms.Build.0 = Debug|Any CPU
		{2AB21994-67E8-45FE-AAF7-148A7FDA7CFA}.Release|.NET.ActiveCfg = Release|Any CPU
		{2AB21994-67E8-45FE-AAF7-148A7FDA7CFA}.Release|Any CPU.ActiveCfg = Release|Any CPU
		{2AB21994-67E8-45FE-AAF7-148A7FDA7CFA}.Release|Any CPU.Build.0 = Release|Any CPU
		{2AB21994-67E8-45FE-AAF7-148A7FDA7CFA}.Release|Mixed Platforms.ActiveCfg = Release|Any CPU
		{2AB21994-67E8-45FE-AAF7-148A7FDA7CFA}.Release|Mixed Platforms.Build.0 = Release|Any CPU
		{188F8959-5388-4165-B0D5-32FE271AF20E}.Debug|.NET.ActiveCfg = Debug|Any CPU
		{188F8959-5388-4165-B0D5-32FE271AF20E}.Debug|Any CPU.ActiveCfg = Debug|Any CPU
		{188F8959-5388-4165-B0D5-32FE271AF20E}.Debug|Any CPU.Build.0 = Debug|Any CPU
		{188F8959-5388-4165-B0D5-32FE271AF20E}.Debug|Mixed Platforms.ActiveCfg = Debug|Any CPU
		{188F8959-5388-4165-B0D5-32FE271AF20E}.Debug|Mixed Platforms.Build.0 = Debug|Any CPU
		{188F8959-5388-4165-B0D5-32FE271AF20E}.Release|.NET.ActiveCfg = Release|Any CPU
		{188F8959-5388-4165-B0D5-32FE271AF20E}.Release|Any CPU.ActiveCfg = Release|Any CPU
		{188F8959-5388-4165-B0D5-32FE271AF20E}.Release|Any CPU.Build.0 = Release|Any CPU
		{188F8959-5388-4165-B0D5-32FE271AF20E}.Release|Mixed Platforms.ActiveCfg = Release|Any CPU
		{188F8959-5388-4165-B0D5-32FE271AF20E}.Release|Mixed Platforms.Build.0 = Release|Any CPU
		{8AFB78D7-5514-4734-89C9-8603A088F44F}.Debug|.NET.ActiveCfg = Debug|Any CPU
		{8AFB78D7-5514-4734-89C9-8603A088F44F}.Debug|Any CPU.ActiveCfg = Debug|Any CPU
		{8AFB78D7-5514-4734-89C9-8603A088F44F}.Debug|Any CPU.Build.0 = Debug|Any CPU
		{8AFB78D7-5514-4734-89C9-8603A088F44F}.Debug|Mixed Platforms.ActiveCfg = Debug|Any CPU
		{8AFB78D7-5514-4734-89C9-8603A088F44F}.Debug|Mixed Platforms.Build.0 = Debug|Any CPU
		{8AFB78D7-5514-4734-89C9-8603A088F44F}.Release|.NET.ActiveCfg = Debug|Any CPU
		{8AFB78D7-5514-4734-89C9-8603A088F44F}.Release|Any CPU.ActiveCfg = Debug|Any CPU
		{8AFB78D7-5514-4734-89C9-8603A088F44F}.Release|Any CPU.Build.0 = Debug|Any CPU
		{8AFB78D7-5514-4734-89C9-8603A088F44F}.Release|Mixed Platforms.ActiveCfg = Debug|Any CPU
		{8AFB78D7-5514-4734-89C9-8603A088F44F}.Release|Mixed Platforms.Build.0 = Debug|Any CPU
	EndGlobalSection
	GlobalSection(SolutionProperties) = preSolution
		HideSolutionNode = FALSE
	EndGlobalSection
EndGlobal
